
Microsoft Visual Studio Solution File, Format Version 12.00
# Visual Studio Version 17
VisualStudioVersion = 17.7.34024.191
MinimumVisualStudioVersion = 10.0.40219.1
Project("{9A19103F-16F7-4668-BE54-9A1E7A4F7556}") = "Pomodoro", "Pomodoro\Pomodoro.csproj", "{F588043A-E80C-43CC-957A-E37B45F25CBD}"
EndProject
Global
	GlobalSection(SolutionConfigurationPlatforms) = preSolution
		Debug|Any CPU = Debug|Any CPU
		Release|Any CPU = Release|Any CPU
	EndGlobalSection
	GlobalSection(ProjectConfigurationPlatforms) = postSolution
		{F588043A-E80C-43CC-957A-E37B45F25CBD}.Debug|Any CPU.ActiveCfg = Debug|Any CPU
		{F588043A-E80C-43CC-957A-E37B45F25CBD}.Debug|Any CPU.Build.0 = Debug|Any CPU
		{F588043A-E80C-43CC-957A-E37B45F25CBD}.Release|Any CPU.ActiveCfg = Release|Any CPU
		{F588043A-E80C-43CC-957A-E37B45F25CBD}.Release|Any CPU.Build.0 = Release|Any CPU
	EndGlobalSection
	GlobalSection(SolutionProperties) = preSolution
		HideSolutionNode = FALSE
	EndGlobalSection
	GlobalSection(ExtensibilityGlobals) = postSolution
		SolutionGuid = {E049C9D9-9457-4542-9410-68EAADC1927C}
	EndGlobalSection
EndGlobal
